
Microsoft Visual Studio Solution File, Format Version 12.00
# Visual Studio 15
VisualStudioVersion = 15.0.28307.1684
MinimumVisualStudioVersion = 10.0.40219.1
Project("{FAE04EC0-301F-11D3-BF4B-00C04F79EFBC}") = "StoreFront.UI.MVC", "StoreFront.UI.MVC\StoreFront.UI.MVC.csproj", "{FD641736-EBEB-4D2F-83EE-192D2410F94E}"
EndProject
Project("{FAE04EC0-301F-11D3-BF4B-00C04F79EFBC}") = "StoreFront.DATA.EF", "StoreFront.DATA.EF\StoreFront.DATA.EF.csproj", "{3BC2C363-877F-4E03-8F17-AB7160261B3E}"
EndProject
Global
	GlobalSection(SolutionConfigurationPlatforms) = preSolution
		Debug|Any CPU = Debug|Any CPU
		Release|Any CPU = Release|Any CPU
	EndGlobalSection
	GlobalSection(ProjectConfigurationPlatforms) = postSolution
		{FD641736-EBEB-4D2F-83EE-192D2410F94E}.Debug|Any CPU.ActiveCfg = Debug|Any CPU
		{FD641736-EBEB-4D2F-83EE-192D2410F94E}.Debug|Any CPU.Build.0 = Debug|Any CPU
		{FD641736-EBEB-4D2F-83EE-192D2410F94E}.Release|Any CPU.ActiveCfg = Release|Any CPU
		{FD641736-EBEB-4D2F-83EE-192D2410F94E}.Release|Any CPU.Build.0 = Release|Any CPU
		{3BC2C363-877F-4E03-8F17-AB7160261B3E}.Debug|Any CPU.ActiveCfg = Debug|Any CPU
		{3BC2C363-877F-4E03-8F17-AB7160261B3E}.Debug|Any CPU.Build.0 = Debug|Any CPU
		{3BC2C363-877F-4E03-8F17-AB7160261B3E}.Release|Any CPU.ActiveCfg = Release|Any CPU
		{3BC2C363-877F-4E03-8F17-AB7160261B3E}.Release|Any CPU.Build.0 = Release|Any CPU
	EndGlobalSection
	GlobalSection(SolutionProperties) = preSolution
		HideSolutionNode = FALSE
	EndGlobalSection
	GlobalSection(ExtensibilityGlobals) = postSolution
		SolutionGuid = {0AD52DB8-4FBC-45F3-9401-C8E038F86A93}
	EndGlobalSection
EndGlobal
